<Solution>
  <Configurations>
    <Platform Name="x64" />
    <Platform Name="x86" />
  </Configurations>
  <Project Path="app01/app01.vcxproj" Id="a22b17a5-519a-447f-bd4e-4cc3ab824f79" />
  <Project Path="app02/app02.vcxproj" Id="c11e40cc-223a-4401-a42d-7324f267747e" />
  <Project Path="app03/app03.vcxproj" Id="a0ad0fc4-97c2-49b3-a839-ebfd24c45e0d" />
  <Project Path="app04/app04.vcxproj" Id="fac9e7c8-f0be-46e3-baaf-de29e1b546ec" />
  <Project Path="app05/app05.vcxproj" Id="8b891ddc-d454-4a60-87ff-7b62cbbe82cc" />
  <Project Path="app06/app06.vcxproj" Id="210448fb-de1f-4d13-a58c-1f799317e80e" />
  <Project Path="ref03/ref03.vcxproj" Id="7aac7d6c-5cea-4796-834b-96409b386bb1" />
</Solution>
